
Microsoft Visual Studio Solution File, Format Version 12.00
# Visual Studio Version 17
VisualStudioVersion = 17.9.34728.123
MinimumVisualStudioVersion = 10.0.40219.1
Project("{FAE04EC0-301F-11D3-BF4B-00C04F79EFBC}") = "Rhyous.FacebookScreeningInterview", "Rhyous.FacebookScreeningInterview\Rhyous.FacebookScreeningInterview.csproj", "{11F87818-CAD2-43D4-9916-3565BD1058F8}"
EndProject
Global
	GlobalSection(SolutionConfigurationPlatforms) = preSolution
		Debug|Any CPU = Debug|Any CPU
		Release|Any CPU = Release|Any CPU
	EndGlobalSection
	GlobalSection(ProjectConfigurationPlatforms) = postSolution
		{11F87818-CAD2-43D4-9916-3565BD1058F8}.Debug|Any CPU.ActiveCfg = Debug|Any CPU
		{11F87818-CAD2-43D4-9916-3565BD1058F8}.Debug|Any CPU.Build.0 = Debug|Any CPU
		{11F87818-CAD2-43D4-9916-3565BD1058F8}.Release|Any CPU.ActiveCfg = Release|Any CPU
		{11F87818-CAD2-43D4-9916-3565BD1058F8}.Release|Any CPU.Build.0 = Release|Any CPU
	EndGlobalSection
	GlobalSection(SolutionProperties) = preSolution
		HideSolutionNode = FALSE
	EndGlobalSection
	GlobalSection(ExtensibilityGlobals) = postSolution
		SolutionGuid = {6C5C9906-C620-4332-A027-783038A73479}
	EndGlobalSection
EndGlobal
